
Microsoft Visual Studio Solution File, Format Version 12.00
# Visual Studio Version 17
VisualStudioVersion = 17.1.32228.430
MinimumVisualStudioVersion = 10.0.40219.1
Project("{FAE04EC0-301F-11D3-BF4B-00C04F79EFBC}") = "ABCsharp", "ABCsharp\ABCsharp.csproj", "{2B2F3E1E-890D-4BC8-B2E1-49191715D7B6}"
EndProject
Global
	GlobalSection(SolutionConfigurationPlatforms) = preSolution
		Debug|Any CPU = Debug|Any CPU
		Release|Any CPU = Release|Any CPU
	EndGlobalSection
	GlobalSection(ProjectConfigurationPlatforms) = postSolution
		{2B2F3E1E-890D-4BC8-B2E1-49191715D7B6}.Debug|Any CPU.ActiveCfg = Debug|Any CPU
		{2B2F3E1E-890D-4BC8-B2E1-49191715D7B6}.Debug|Any CPU.Build.0 = Debug|Any CPU
		{2B2F3E1E-890D-4BC8-B2E1-49191715D7B6}.Release|Any CPU.ActiveCfg = Release|Any CPU
		{2B2F3E1E-890D-4BC8-B2E1-49191715D7B6}.Release|Any CPU.Build.0 = Release|Any CPU
	EndGlobalSection
	GlobalSection(SolutionProperties) = preSolution
		HideSolutionNode = FALSE
	EndGlobalSection
	GlobalSection(ExtensibilityGlobals) = postSolution
		SolutionGuid = {3C5AC3F6-3525-45E0-8C55-A260D2718F4C}
	EndGlobalSection
EndGlobal
